
Microsoft Visual Studio Solution File, Format Version 12.00
# Visual Studio Version 16
VisualStudioVersion = 16.0.33920.266
MinimumVisualStudioVersion = 10.0.40219.1
Project("{FAE04EC0-301F-11D3-BF4B-00C04F79EFBC}") = "Backend_TimeTracker", "Backend_TimeTracker\Backend_TimeTracker.csproj", "{A7E551D9-4CC8-429F-AC39-7A1B47D50302}"
EndProject
Project("{FAE04EC0-301F-11D3-BF4B-00C04F79EFBC}") = "GlobalDefinitions_TimeTracker", "GlobalDefinitions_TimeTracker\GlobalDefinitions_TimeTracker.csproj", "{E0E094A2-95CE-4B6A-B61E-2A38DBD4FB69}"
EndProject
Project("{FAE04EC0-301F-11D3-BF4B-00C04F79EFBC}") = "Web_TimeTracker", "Web_TimeTracker\Web_TimeTracker.csproj", "{A78281E3-32E1-4D76-B32B-5F2116291CAD}"
EndProject
Global
	GlobalSection(SolutionConfigurationPlatforms) = preSolution
		Debug|Any CPU = Debug|Any CPU
		Release|Any CPU = Release|Any CPU
	EndGlobalSection
	GlobalSection(ProjectConfigurationPlatforms) = postSolution
		{A7E551D9-4CC8-429F-AC39-7A1B47D50302}.Debug|Any CPU.ActiveCfg = Debug|Any CPU
		{A7E551D9-4CC8-429F-AC39-7A1B47D50302}.Debug|Any CPU.Build.0 = Debug|Any CPU
		{A7E551D9-4CC8-429F-AC39-7A1B47D50302}.Release|Any CPU.ActiveCfg = Release|Any CPU
		{A7E551D9-4CC8-429F-AC39-7A1B47D50302}.Release|Any CPU.Build.0 = Release|Any CPU
		{E0E094A2-95CE-4B6A-B61E-2A38DBD4FB69}.Debug|Any CPU.ActiveCfg = Debug|Any CPU
		{E0E094A2-95CE-4B6A-B61E-2A38DBD4FB69}.Debug|Any CPU.Build.0 = Debug|Any CPU
		{E0E094A2-95CE-4B6A-B61E-2A38DBD4FB69}.Release|Any CPU.ActiveCfg = Release|Any CPU
		{E0E094A2-95CE-4B6A-B61E-2A38DBD4FB69}.Release|Any CPU.Build.0 = Release|Any CPU
		{A78281E3-32E1-4D76-B32B-5F2116291CAD}.Debug|Any CPU.ActiveCfg = Debug|Any CPU
		{A78281E3-32E1-4D76-B32B-5F2116291CAD}.Debug|Any CPU.Build.0 = Debug|Any CPU
		{A78281E3-32E1-4D76-B32B-5F2116291CAD}.Release|Any CPU.ActiveCfg = Release|Any CPU
		{A78281E3-32E1-4D76-B32B-5F2116291CAD}.Release|Any CPU.Build.0 = Release|Any CPU
	EndGlobalSection
	GlobalSection(SolutionProperties) = preSolution
		HideSolutionNode = FALSE
	EndGlobalSection
	GlobalSection(ExtensibilityGlobals) = postSolution
		SolutionGuid = {FCDAFABE-1404-43F7-88C0-C6D68B215B68}
	EndGlobalSection
EndGlobal
